
Microsoft Visual Studio Solution File, Format Version 12.00
# Visual Studio Version 17
VisualStudioVersion = 17.8.34330.188
MinimumVisualStudioVersion = 10.0.40219.1
Project("{FAE04EC0-301F-11D3-BF4B-00C04F79EFBC}") = "RedisOrnekAPI", "RedisOrnekAPI\RedisOrnekAPI.csproj", "{DB1175AA-9AD6-4AA2-A69C-29CC229161B7}"
	ProjectSection(ProjectDependencies) = postProject
		{27F76CEF-4A81-4B83-BF39-10E319DBA79A} = {27F76CEF-4A81-4B83-BF39-10E319DBA79A}
	EndProjectSection
EndProject
Project("{FAE04EC0-301F-11D3-BF4B-00C04F79EFBC}") = "RedisExample", "RedisExample\RedisExample.csproj", "{27F76CEF-4A81-4B83-BF39-10E319DBA79A}"
EndProject
Global
	GlobalSection(SolutionConfigurationPlatforms) = preSolution
		Debug|Any CPU = Debug|Any CPU
		Release|Any CPU = Release|Any CPU
	EndGlobalSection
	GlobalSection(ProjectConfigurationPlatforms) = postSolution
		{DB1175AA-9AD6-4AA2-A69C-29CC229161B7}.Debug|Any CPU.ActiveCfg = Debug|Any CPU
		{DB1175AA-9AD6-4AA2-A69C-29CC229161B7}.Debug|Any CPU.Build.0 = Debug|Any CPU
		{DB1175AA-9AD6-4AA2-A69C-29CC229161B7}.Release|Any CPU.ActiveCfg = Release|Any CPU
		{DB1175AA-9AD6-4AA2-A69C-29CC229161B7}.Release|Any CPU.Build.0 = Release|Any CPU
		{27F76CEF-4A81-4B83-BF39-10E319DBA79A}.Debug|Any CPU.ActiveCfg = Debug|Any CPU
		{27F76CEF-4A81-4B83-BF39-10E319DBA79A}.Debug|Any CPU.Build.0 = Debug|Any CPU
		{27F76CEF-4A81-4B83-BF39-10E319DBA79A}.Release|Any CPU.ActiveCfg = Release|Any CPU
		{27F76CEF-4A81-4B83-BF39-10E319DBA79A}.Release|Any CPU.Build.0 = Release|Any CPU
	EndGlobalSection
	GlobalSection(SolutionProperties) = preSolution
		HideSolutionNode = FALSE
	EndGlobalSection
	GlobalSection(ExtensibilityGlobals) = postSolution
		SolutionGuid = {902B63BF-04DA-422D-9D46-6BD0DEDCA753}
	EndGlobalSection
EndGlobal
